// !$*UTF8*$!
{
	archiveVersion = 1;
	classes = {
	};
	objectVersion = 46;
	objects = {

/* Begin PBXBuildFile section */
		11C4AED2214572F0000D1866 /* libz.1.dylib in Frameworks */ = {isa = PBXBuildFile; fileRef = 11C4AED1214572F0000D1866 /* libz.1.dylib */; };
		11C4AED52145768D000D1866 /* UIKit.framework in Frameworks */ = {isa = PBXBuildFile; fileRef = 11C4AED42145768C000D1866 /* UIKit.framework */; };
		ADEB7E39214616200060CDEA /* js.msg in Resources */ = {isa = PBXBuildFile; fileRef = ADEB7E0E214616200060CDEA /* js.msg */; };
		ADEB7E5321475A0F0060CDEA /* jswrapperobject_sm.cpp in Sources */ = {isa = PBXBuildFile; fileRef = ADEB7E4A21475A0E0060CDEA /* jswrapperobject_sm.cpp */; };
		ADEB7E5421475A0F0060CDEA /* jswrapperclass_sm.cpp in Sources */ = {isa = PBXBuildFile; fileRef = ADEB7E4B21475A0E0060CDEA /* jswrapperclass_sm.cpp */; };
		ADEB7E5521475A0F0060CDEA /* jswrapperdata.cpp in Sources */ = {isa = PBXBuildFile; fileRef = ADEB7E5021475A0E0060CDEA /* jswrapperdata.cpp */; };
		ADEB7E5621475A0F0060CDEA /* jswrapper_sm.cpp in Sources */ = {isa = PBXBuildFile; fileRef = ADEB7E5121475A0F0060CDEA /* jswrapper_sm.cpp */; };
		ADEB7E5821476C960060CDEA /* libjs_static.a in Frameworks */ = {isa = PBXBuildFile; fileRef = ADEB7E5721476C960060CDEA /* libjs_static.a */; };
		FDE319F41C7BDD7100E93985 /* main.m in Sources */ = {isa = PBXBuildFile; fileRef = FDE319F31C7BDD7100E93985 /* main.m */; };
		FDE319F71C7BDD7100E93985 /* AppDelegate.m in Sources */ = {isa = PBXBuildFile; fileRef = FDE319F61C7BDD7100E93985 /* AppDelegate.m */; };
		FDE319FA1C7BDD7100E93985 /* ViewController.mm in Sources */ = {isa = PBXBuildFile; fileRef = FDE319F91C7BDD7100E93985 /* ViewController.mm */; };
		FDE319FD1C7BDD7100E93985 /* Main.storyboard in Resources */ = {isa = PBXBuildFile; fileRef = FDE319FB1C7BDD7100E93985 /* Main.storyboard */; };
		FDE319FF1C7BDD7100E93985 /* Assets.xcassets in Resources */ = {isa = PBXBuildFile; fileRef = FDE319FE1C7BDD7100E93985 /* Assets.xcassets */; };
		FDE31A021C7BDD7100E93985 /* LaunchScreen.storyboard in Resources */ = {isa = PBXBuildFile; fileRef = FDE31A001C7BDD7100E93985 /* LaunchScreen.storyboard */; };
		FDE31A0D1C7BDD7100E93985 /* LearnOCandCandC__Tests.m in Sources */ = {isa = PBXBuildFile; fileRef = FDE31A0C1C7BDD7100E93985 /* LearnOCandCandC__Tests.m */; };
		FDE31A191C7BDD8A00E93985 /* LearnC.c in Sources */ = {isa = PBXBuildFile; fileRef = FDE31A171C7BDD8A00E93985 /* LearnC.c */; };
		FDE31A1C1C7BDE8C00E93985 /* LearnC++.cpp in Sources */ = {isa = PBXBuildFile; fileRef = FDE31A1A1C7BDE8C00E93985 /* LearnC++.cpp */; };
		FDE31A221C7BFA7700E93985 /* LearnOCinCPP.mm in Sources */ = {isa = PBXBuildFile; fileRef = FDE31A211C7BFA7700E93985 /* LearnOCinCPP.mm */; settings = {COMPILER_FLAGS = "-fno-objc-arc"; }; };
/* End PBXBuildFile section */

/* Begin PBXContainerItemProxy section */
		FDE31A091C7BDD7100E93985 /* PBXContainerItemProxy */ = {
			isa = PBXContainerItemProxy;
			containerPortal = FDE319E71C7BDD7000E93985 /* Project object */;
			proxyType = 1;
			remoteGlobalIDString = FDE319EE1C7BDD7100E93985;
			remoteInfo = "LearnOCandCandC++";
		};
/* End PBXContainerItemProxy section */

/* Begin PBXFileReference section */
		11C4AEBF2145728E000D1866 /* libjs_static.a */ = {isa = PBXFileReference; lastKnownFileType = archive.ar; path = libjs_static.a; sourceTree = "<group>"; };
		11C4AEC02145728E000D1866 /* libjs_static2.a */ = {isa = PBXFileReference; lastKnownFileType = archive.ar; path = libjs_static2.a; sourceTree = "<group>"; };
		11C4AEC12145728E000D1866 /* libjs_static1.a */ = {isa = PBXFileReference; lastKnownFileType = archive.ar; path = libjs_static1.a; sourceTree = "<group>"; };
		11C4AED1214572F0000D1866 /* libz.1.dylib */ = {isa = PBXFileReference; lastKnownFileType = "compiled.mach-o.dylib"; name = libz.1.dylib; path = ../../../../usr/lib/libz.1.dylib; sourceTree = "<group>"; };
		11C4AED42145768C000D1866 /* UIKit.framework */ = {isa = PBXFileReference; lastKnownFileType = wrapper.framework; name = UIKit.framework; path = System/Library/Frameworks/UIKit.framework; sourceTree = SDKROOT; };
		ADEB7DCA2146161F0060CDEA /* jsprf.h */ = {isa = PBXFileReference; fileEncoding = 4; lastKnownFileType = sourcecode.c.h; path = jsprf.h; sourceTree = "<group>"; };
		ADEB7DCC214616200060CDEA /* Poison.h */ = {isa = PBXFileReference; fileEncoding = 4; lastKnownFileType = sourcecode.c.h; path = Poison.h; sourceTree = "<group>"; };
		ADEB7DCD214616200060CDEA /* Maybe.h */ = {isa = PBXFileReference; fileEncoding = 4; lastKnownFileType = sourcecode.c.h; path = Maybe.h; sourceTree = "<group>"; };
		ADEB7DCE214616200060CDEA /* BinarySearch.h */ = {isa = PBXFileReference; fileEncoding = 4; lastKnownFileType = sourcecode.c.h; path = BinarySearch.h; sourceTree = "<group>"; };
		ADEB7DCF214616200060CDEA /* Casting.h */ = {isa = PBXFileReference; fileEncoding = 4; lastKnownFileType = sourcecode.c.h; path = Casting.h; sourceTree = "<group>"; };
		ADEB7DD0214616200060CDEA /* Range.h */ = {isa = PBXFileReference; fileEncoding = 4; lastKnownFileType = sourcecode.c.h; path = Range.h; sourceTree = "<group>"; };
		ADEB7DD1214616200060CDEA /* Char16.h */ = {isa = PBXFileReference; fileEncoding = 4; lastKnownFileType = sourcecode.c.h; path = Char16.h; sourceTree = "<group>"; };
		ADEB7DD2214616200060CDEA /* UniquePtr.h */ = {isa = PBXFileReference; fileEncoding = 4; lastKnownFileType = sourcecode.c.h; path = UniquePtr.h; sourceTree = "<group>"; };
		ADEB7DD3214616200060CDEA /* Compiler.h */ = {isa = PBXFileReference; fileEncoding = 4; lastKnownFileType = sourcecode.c.h; path = Compiler.h; sourceTree = "<group>"; };
		ADEB7DD4214616200060CDEA /* MemoryChecking.h */ = {isa = PBXFileReference; fileEncoding = 4; lastKnownFileType = sourcecode.c.h; path = MemoryChecking.h; sourceTree = "<group>"; };
		ADEB7DD5214616200060CDEA /* ToString.h */ = {isa = PBXFileReference; fileEncoding = 4; lastKnownFileType = sourcecode.c.h; path = ToString.h; sourceTree = "<group>"; };
		ADEB7DD6214616200060CDEA /* Assertions.h */ = {isa = PBXFileReference; fileEncoding = 4; lastKnownFileType = sourcecode.c.h; path = Assertions.h; sourceTree = "<group>"; };
		ADEB7DD7214616200060CDEA /* FloatingPoint.h */ = {isa = PBXFileReference; fileEncoding = 4; lastKnownFileType = sourcecode.c.h; path = FloatingPoint.h; sourceTree = "<group>"; };
		ADEB7DD8214616200060CDEA /* TypeTraits.h */ = {isa = PBXFileReference; fileEncoding = 4; lastKnownFileType = sourcecode.c.h; path = TypeTraits.h; sourceTree = "<group>"; };
		ADEB7DD9214616200060CDEA /* AllocPolicy.h */ = {isa = PBXFileReference; fileEncoding = 4; lastKnownFileType = sourcecode.c.h; path = AllocPolicy.h; sourceTree = "<group>"; };
		ADEB7DDA214616200060CDEA /* Alignment.h */ = {isa = PBXFileReference; fileEncoding = 4; lastKnownFileType = sourcecode.c.h; path = Alignment.h; sourceTree = "<group>"; };
		ADEB7DDB214616200060CDEA /* Types.h */ = {isa = PBXFileReference; fileEncoding = 4; lastKnownFileType = sourcecode.c.h; path = Types.h; sourceTree = "<group>"; };
		ADEB7DDC214616200060CDEA /* MaybeOneOf.h */ = {isa = PBXFileReference; fileEncoding = 4; lastKnownFileType = sourcecode.c.h; path = MaybeOneOf.h; sourceTree = "<group>"; };
		ADEB7DDD214616200060CDEA /* TypedEnum.h */ = {isa = PBXFileReference; fileEncoding = 4; lastKnownFileType = sourcecode.c.h; path = TypedEnum.h; sourceTree = "<group>"; };
		ADEB7DDE214616200060CDEA /* Endian.h */ = {isa = PBXFileReference; fileEncoding = 4; lastKnownFileType = sourcecode.c.h; path = Endian.h; sourceTree = "<group>"; };
		ADEB7DDF214616200060CDEA /* ThreadLocal.h */ = {isa = PBXFileReference; fileEncoding = 4; lastKnownFileType = sourcecode.c.h; path = ThreadLocal.h; sourceTree = "<group>"; };
		ADEB7DE0214616200060CDEA /* TemplateLib.h */ = {isa = PBXFileReference; fileEncoding = 4; lastKnownFileType = sourcecode.c.h; path = TemplateLib.h; sourceTree = "<group>"; };
		ADEB7DE1214616200060CDEA /* MSIntTypes.h */ = {isa = PBXFileReference; fileEncoding = 4; lastKnownFileType = sourcecode.c.h; path = MSIntTypes.h; sourceTree = "<group>"; };
		ADEB7DE2214616200060CDEA /* HashFunctions.h */ = {isa = PBXFileReference; fileEncoding = 4; lastKnownFileType = sourcecode.c.h; path = HashFunctions.h; sourceTree = "<group>"; };
		ADEB7DE3214616200060CDEA /* Scoped.h */ = {isa = PBXFileReference; fileEncoding = 4; lastKnownFileType = sourcecode.c.h; path = Scoped.h; sourceTree = "<group>"; };
		ADEB7DE4214616200060CDEA /* TaggedAnonymousMemory.h */ = {isa = PBXFileReference; fileEncoding = 4; lastKnownFileType = sourcecode.c.h; path = TaggedAnonymousMemory.h; sourceTree = "<group>"; };
		ADEB7DE5214616200060CDEA /* DebugOnly.h */ = {isa = PBXFileReference; fileEncoding = 4; lastKnownFileType = sourcecode.c.h; path = DebugOnly.h; sourceTree = "<group>"; };
		ADEB7DE6214616200060CDEA /* EnumSet.h */ = {isa = PBXFileReference; fileEncoding = 4; lastKnownFileType = sourcecode.c.h; path = EnumSet.h; sourceTree = "<group>"; };
		ADEB7DE7214616200060CDEA /* ArrayUtils.h */ = {isa = PBXFileReference; fileEncoding = 4; lastKnownFileType = sourcecode.c.h; path = ArrayUtils.h; sourceTree = "<group>"; };
		ADEB7DE8214616200060CDEA /* IntegerTypeTraits.h */ = {isa = PBXFileReference; fileEncoding = 4; lastKnownFileType = sourcecode.c.h; path = IntegerTypeTraits.h; sourceTree = "<group>"; };
		ADEB7DE9214616200060CDEA /* LinkedList.h */ = {isa = PBXFileReference; fileEncoding = 4; lastKnownFileType = sourcecode.c.h; path = LinkedList.h; sourceTree = "<group>"; };
		ADEB7DEA214616200060CDEA /* Attributes.h */ = {isa = PBXFileReference; fileEncoding = 4; lastKnownFileType = sourcecode.c.h; path = Attributes.h; sourceTree = "<group>"; };
		ADEB7DEB214616200060CDEA /* Decimal.h */ = {isa = PBXFileReference; fileEncoding = 4; lastKnownFileType = sourcecode.c.h; path = Decimal.h; sourceTree = "<group>"; };
		ADEB7DEC214616200060CDEA /* MacroArgs.h */ = {isa = PBXFileReference; fileEncoding = 4; lastKnownFileType = sourcecode.c.h; path = MacroArgs.h; sourceTree = "<group>"; };
		ADEB7DED214616200060CDEA /* Compression.h */ = {isa = PBXFileReference; fileEncoding = 4; lastKnownFileType = sourcecode.c.h; path = Compression.h; sourceTree = "<group>"; };
		ADEB7DEE214616200060CDEA /* IntegerPrintfMacros.h */ = {isa = PBXFileReference; fileEncoding = 4; lastKnownFileType = sourcecode.c.h; path = IntegerPrintfMacros.h; sourceTree = "<group>"; };
		ADEB7DEF214616200060CDEA /* RollingMean.h */ = {isa = PBXFileReference; fileEncoding = 4; lastKnownFileType = sourcecode.c.h; path = RollingMean.h; sourceTree = "<group>"; };
		ADEB7DF0214616200060CDEA /* PodOperations.h */ = {isa = PBXFileReference; fileEncoding = 4; lastKnownFileType = sourcecode.c.h; path = PodOperations.h; sourceTree = "<group>"; };
		ADEB7DF1214616200060CDEA /* EnumeratedArray.h */ = {isa = PBXFileReference; fileEncoding = 4; lastKnownFileType = sourcecode.c.h; path = EnumeratedArray.h; sourceTree = "<group>"; };
		ADEB7DF2214616200060CDEA /* Constants.h */ = {isa = PBXFileReference; fileEncoding = 4; lastKnownFileType = sourcecode.c.h; path = Constants.h; sourceTree = "<group>"; };
		ADEB7DF3214616200060CDEA /* NullPtr.h */ = {isa = PBXFileReference; fileEncoding = 4; lastKnownFileType = sourcecode.c.h; path = NullPtr.h; sourceTree = "<group>"; };
		ADEB7DF4214616200060CDEA /* SplayTree.h */ = {isa = PBXFileReference; fileEncoding = 4; lastKnownFileType = sourcecode.c.h; path = SplayTree.h; sourceTree = "<group>"; };
		ADEB7DF5214616200060CDEA /* CheckedInt.h */ = {isa = PBXFileReference; fileEncoding = 4; lastKnownFileType = sourcecode.c.h; path = CheckedInt.h; sourceTree = "<group>"; };
		ADEB7DF6214616200060CDEA /* NumericLimits.h */ = {isa = PBXFileReference; fileEncoding = 4; lastKnownFileType = sourcecode.c.h; path = NumericLimits.h; sourceTree = "<group>"; };
		ADEB7DF7214616200060CDEA /* ReentrancyGuard.h */ = {isa = PBXFileReference; fileEncoding = 4; lastKnownFileType = sourcecode.c.h; path = ReentrancyGuard.h; sourceTree = "<group>"; };
		ADEB7DF8214616200060CDEA /* RangedPtr.h */ = {isa = PBXFileReference; fileEncoding = 4; lastKnownFileType = sourcecode.c.h; path = RangedPtr.h; sourceTree = "<group>"; };
		ADEB7DF9214616200060CDEA /* Likely.h */ = {isa = PBXFileReference; fileEncoding = 4; lastKnownFileType = sourcecode.c.h; path = Likely.h; sourceTree = "<group>"; };
		ADEB7DFA214616200060CDEA /* Atomics.h */ = {isa = PBXFileReference; fileEncoding = 4; lastKnownFileType = sourcecode.c.h; path = Atomics.h; sourceTree = "<group>"; };
		ADEB7DFB214616200060CDEA /* MemoryReporting.h */ = {isa = PBXFileReference; fileEncoding = 4; lastKnownFileType = sourcecode.c.h; path = MemoryReporting.h; sourceTree = "<group>"; };
		ADEB7DFC214616200060CDEA /* Array.h */ = {isa = PBXFileReference; fileEncoding = 4; lastKnownFileType = sourcecode.c.h; path = Array.h; sourceTree = "<group>"; };
		ADEB7DFD214616200060CDEA /* TypedEnumBits.h */ = {isa = PBXFileReference; fileEncoding = 4; lastKnownFileType = sourcecode.c.h; path = TypedEnumBits.h; sourceTree = "<group>"; };
		ADEB7DFE214616200060CDEA /* Pair.h */ = {isa = PBXFileReference; fileEncoding = 4; lastKnownFileType = sourcecode.c.h; path = Pair.h; sourceTree = "<group>"; };
		ADEB7DFF214616200060CDEA /* RefCountType.h */ = {isa = PBXFileReference; fileEncoding = 4; lastKnownFileType = sourcecode.c.h; path = RefCountType.h; sourceTree = "<group>"; };
		ADEB7E00214616200060CDEA /* TypedEnumInternal.h */ = {isa = PBXFileReference; fileEncoding = 4; lastKnownFileType = sourcecode.c.h; path = TypedEnumInternal.h; sourceTree = "<group>"; };
		ADEB7E01214616200060CDEA /* SHA1.h */ = {isa = PBXFileReference; fileEncoding = 4; lastKnownFileType = sourcecode.c.h; path = SHA1.h; sourceTree = "<group>"; };
		ADEB7E02214616200060CDEA /* RefPtr.h */ = {isa = PBXFileReference; fileEncoding = 4; lastKnownFileType = sourcecode.c.h; path = RefPtr.h; sourceTree = "<group>"; };
		ADEB7E03214616200060CDEA /* BloomFilter.h */ = {isa = PBXFileReference; fileEncoding = 4; lastKnownFileType = sourcecode.c.h; path = BloomFilter.h; sourceTree = "<group>"; };
		ADEB7E04214616200060CDEA /* WeakPtr.h */ = {isa = PBXFileReference; fileEncoding = 4; lastKnownFileType = sourcecode.c.h; path = WeakPtr.h; sourceTree = "<group>"; };
		ADEB7E05214616200060CDEA /* MathAlgorithms.h */ = {isa = PBXFileReference; fileEncoding = 4; lastKnownFileType = sourcecode.c.h; path = MathAlgorithms.h; sourceTree = "<group>"; };
		ADEB7E06214616200060CDEA /* GuardObjects.h */ = {isa = PBXFileReference; fileEncoding = 4; lastKnownFileType = sourcecode.c.h; path = GuardObjects.h; sourceTree = "<group>"; };
		ADEB7E07214616200060CDEA /* Move.h */ = {isa = PBXFileReference; fileEncoding = 4; lastKnownFileType = sourcecode.c.h; path = Move.h; sourceTree = "<group>"; };
		ADEB7E08214616200060CDEA /* Vector.h */ = {isa = PBXFileReference; fileEncoding = 4; lastKnownFileType = sourcecode.c.h; path = Vector.h; sourceTree = "<group>"; };
		ADEB7E09214616200060CDEA /* ChaosMode.h */ = {isa = PBXFileReference; fileEncoding = 4; lastKnownFileType = sourcecode.c.h; path = ChaosMode.h; sourceTree = "<group>"; };
		ADEB7E0A214616200060CDEA /* MacroForEach.h */ = {isa = PBXFileReference; fileEncoding = 4; lastKnownFileType = sourcecode.c.h; path = MacroForEach.h; sourceTree = "<group>"; };
		ADEB7E0B214616200060CDEA /* jswrapper.h */ = {isa = PBXFileReference; fileEncoding = 4; lastKnownFileType = sourcecode.c.h; path = jswrapper.h; sourceTree = "<group>"; };
		ADEB7E0C214616200060CDEA /* jsclist.h */ = {isa = PBXFileReference; fileEncoding = 4; lastKnownFileType = sourcecode.c.h; path = jsclist.h; sourceTree = "<group>"; };
		ADEB7E0D214616200060CDEA /* jsversion.h */ = {isa = PBXFileReference; fileEncoding = 4; lastKnownFileType = sourcecode.c.h; path = jsversion.h; sourceTree = "<group>"; };
		ADEB7E0E214616200060CDEA /* js.msg */ = {isa = PBXFileReference; fileEncoding = 4; lastKnownFileType = text; path = js.msg; sourceTree = "<group>"; };
		ADEB7E0F214616200060CDEA /* jsapi.h */ = {isa = PBXFileReference; fileEncoding = 4; lastKnownFileType = sourcecode.c.h; path = jsapi.h; sourceTree = "<group>"; };
		ADEB7E10214616200060CDEA /* jstypes.h */ = {isa = PBXFileReference; fileEncoding = 4; lastKnownFileType = sourcecode.c.h; path = jstypes.h; sourceTree = "<group>"; };
		ADEB7E12214616200060CDEA /* HeapAPI.h */ = {isa = PBXFileReference; fileEncoding = 4; lastKnownFileType = sourcecode.c.h; path = HeapAPI.h; sourceTree = "<group>"; };
		ADEB7E13214616200060CDEA /* CallArgs.h */ = {isa = PBXFileReference; fileEncoding = 4; lastKnownFileType = sourcecode.c.h; path = CallArgs.h; sourceTree = "<group>"; };
		ADEB7E14214616200060CDEA /* CharacterEncoding.h */ = {isa = PBXFileReference; fileEncoding = 4; lastKnownFileType = sourcecode.c.h; path = CharacterEncoding.h; sourceTree = "<group>"; };
		ADEB7E15214616200060CDEA /* LegacyIntTypes.h */ = {isa = PBXFileReference; fileEncoding = 4; lastKnownFileType = sourcecode.c.h; path = LegacyIntTypes.h; sourceTree = "<group>"; };
		ADEB7E16214616200060CDEA /* Anchor.h */ = {isa = PBXFileReference; fileEncoding = 4; lastKnownFileType = sourcecode.c.h; path = Anchor.h; sourceTree = "<group>"; };
		ADEB7E17214616200060CDEA /* GCAPI.h */ = {isa = PBXFileReference; fileEncoding = 4; lastKnownFileType = sourcecode.c.h; path = GCAPI.h; sourceTree = "<group>"; };
		ADEB7E18214616200060CDEA /* DebugAPI.h */ = {isa = PBXFileReference; fileEncoding = 4; lastKnownFileType = sourcecode.c.h; path = DebugAPI.h; sourceTree = "<group>"; };
		ADEB7E19214616200060CDEA /* TypeDecls.h */ = {isa = PBXFileReference; fileEncoding = 4; lastKnownFileType = sourcecode.c.h; path = TypeDecls.h; sourceTree = "<group>"; };
		ADEB7E1A214616200060CDEA /* HashTable.h */ = {isa = PBXFileReference; fileEncoding = 4; lastKnownFileType = sourcecode.c.h; path = HashTable.h; sourceTree = "<group>"; };
		ADEB7E1B214616200060CDEA /* Principals.h */ = {isa = PBXFileReference; fileEncoding = 4; lastKnownFileType = sourcecode.c.h; path = Principals.h; sourceTree = "<group>"; };
		ADEB7E1C214616200060CDEA /* ProfilingStack.h */ = {isa = PBXFileReference; fileEncoding = 4; lastKnownFileType = sourcecode.c.h; path = ProfilingStack.h; sourceTree = "<group>"; };
		ADEB7E1D214616200060CDEA /* Date.h */ = {isa = PBXFileReference; fileEncoding = 4; lastKnownFileType = sourcecode.c.h; path = Date.h; sourceTree = "<group>"; };
		ADEB7E1E214616200060CDEA /* Id.h */ = {isa = PBXFileReference; fileEncoding = 4; lastKnownFileType = sourcecode.c.h; path = Id.h; sourceTree = "<group>"; };
		ADEB7E1F214616200060CDEA /* SliceBudget.h */ = {isa = PBXFileReference; fileEncoding = 4; lastKnownFileType = sourcecode.c.h; path = SliceBudget.h; sourceTree = "<group>"; };
		ADEB7E20214616200060CDEA /* PropertyKey.h */ = {isa = PBXFileReference; fileEncoding = 4; lastKnownFileType = sourcecode.c.h; path = PropertyKey.h; sourceTree = "<group>"; };
		ADEB7E21214616200060CDEA /* Value.h */ = {isa = PBXFileReference; fileEncoding = 4; lastKnownFileType = sourcecode.c.h; path = Value.h; sourceTree = "<group>"; };
		ADEB7E22214616200060CDEA /* RootingAPI.h */ = {isa = PBXFileReference; fileEncoding = 4; lastKnownFileType = sourcecode.c.h; path = RootingAPI.h; sourceTree = "<group>"; };
		ADEB7E23214616200060CDEA /* StructuredClone.h */ = {isa = PBXFileReference; fileEncoding = 4; lastKnownFileType = sourcecode.c.h; path = StructuredClone.h; sourceTree = "<group>"; };
		ADEB7E24214616200060CDEA /* UbiNodeTraverse.h */ = {isa = PBXFileReference; fileEncoding = 4; lastKnownFileType = sourcecode.c.h; path = UbiNodeTraverse.h; sourceTree = "<group>"; };
		ADEB7E25214616200060CDEA /* UbiNode.h */ = {isa = PBXFileReference; fileEncoding = 4; lastKnownFileType = sourcecode.c.h; path = UbiNode.h; sourceTree = "<group>"; };
		ADEB7E26214616200060CDEA /* ProfilingFrameIterator.h */ = {isa = PBXFileReference; fileEncoding = 4; lastKnownFileType = sourcecode.c.h; path = ProfilingFrameIterator.h; sourceTree = "<group>"; };
		ADEB7E27214616200060CDEA /* RequiredDefines.h */ = {isa = PBXFileReference; fileEncoding = 4; lastKnownFileType = sourcecode.c.h; path = RequiredDefines.h; sourceTree = "<group>"; };
		ADEB7E28214616200060CDEA /* Class.h */ = {isa = PBXFileReference; fileEncoding = 4; lastKnownFileType = sourcecode.c.h; path = Class.h; sourceTree = "<group>"; };
		ADEB7E29214616200060CDEA /* MemoryMetrics.h */ = {isa = PBXFileReference; fileEncoding = 4; lastKnownFileType = sourcecode.c.h; path = MemoryMetrics.h; sourceTree = "<group>"; };
		ADEB7E2A214616200060CDEA /* Utility.h */ = {isa = PBXFileReference; fileEncoding = 4; lastKnownFileType = sourcecode.c.h; path = Utility.h; sourceTree = "<group>"; };
		ADEB7E2B214616200060CDEA /* Vector.h */ = {isa = PBXFileReference; fileEncoding = 4; lastKnownFileType = sourcecode.c.h; path = Vector.h; sourceTree = "<group>"; };
		ADEB7E2C214616200060CDEA /* CallNonGenericMethod.h */ = {isa = PBXFileReference; fileEncoding = 4; lastKnownFileType = sourcecode.c.h; path = CallNonGenericMethod.h; sourceTree = "<group>"; };
		ADEB7E2D214616200060CDEA /* OldDebugAPI.h */ = {isa = PBXFileReference; fileEncoding = 4; lastKnownFileType = sourcecode.c.h; path = OldDebugAPI.h; sourceTree = "<group>"; };
		ADEB7E2E214616200060CDEA /* TracingAPI.h */ = {isa = PBXFileReference; fileEncoding = 4; lastKnownFileType = sourcecode.c.h; path = TracingAPI.h; sourceTree = "<group>"; };
		ADEB7E2F214616200060CDEA /* WeakMapPtr.h */ = {isa = PBXFileReference; fileEncoding = 4; lastKnownFileType = sourcecode.c.h; path = WeakMapPtr.h; sourceTree = "<group>"; };
		ADEB7E30214616200060CDEA /* jscpucfg.h */ = {isa = PBXFileReference; fileEncoding = 4; lastKnownFileType = sourcecode.c.h; path = jscpucfg.h; sourceTree = "<group>"; };
		ADEB7E31214616200060CDEA /* jspubtd.h */ = {isa = PBXFileReference; fileEncoding = 4; lastKnownFileType = sourcecode.c.h; path = jspubtd.h; sourceTree = "<group>"; };
		ADEB7E32214616200060CDEA /* jsproxy.h */ = {isa = PBXFileReference; fileEncoding = 4; lastKnownFileType = sourcecode.c.h; path = jsproxy.h; sourceTree = "<group>"; };
		ADEB7E33214616200060CDEA /* jsbytecode.h */ = {isa = PBXFileReference; fileEncoding = 4; lastKnownFileType = sourcecode.c.h; path = jsbytecode.h; sourceTree = "<group>"; };
		ADEB7E34214616200060CDEA /* jsfriendapi.h */ = {isa = PBXFileReference; fileEncoding = 4; lastKnownFileType = sourcecode.c.h; path = jsfriendapi.h; sourceTree = "<group>"; };
		ADEB7E35214616200060CDEA /* js-config.h */ = {isa = PBXFileReference; fileEncoding = 4; lastKnownFileType = sourcecode.c.h; path = "js-config.h"; sourceTree = "<group>"; };
		ADEB7E36214616200060CDEA /* jsalloc.h */ = {isa = PBXFileReference; fileEncoding = 4; lastKnownFileType = sourcecode.c.h; path = jsalloc.h; sourceTree = "<group>"; };
		ADEB7E37214616200060CDEA /* jsprototypes.h */ = {isa = PBXFileReference; fileEncoding = 4; lastKnownFileType = sourcecode.c.h; path = jsprototypes.h; sourceTree = "<group>"; };
		ADEB7E38214616200060CDEA /* jsperf.h */ = {isa = PBXFileReference; fileEncoding = 4; lastKnownFileType = sourcecode.c.h; path = jsperf.h; sourceTree = "<group>"; };
		ADEB7E472146997E0060CDEA /* libjs_static.arm64.a */ = {isa = PBXFileReference; lastKnownFileType = archive.ar; name = libjs_static.arm64.a; path = "LearnOCandCandC++/spidermonkey/lib/libjs_static.arm64.a"; sourceTree = "<group>"; };
		ADEB7E4A21475A0E0060CDEA /* jswrapperobject_sm.cpp */ = {isa = PBXFileReference; fileEncoding = 4; lastKnownFileType = sourcecode.cpp.cpp; path = jswrapperobject_sm.cpp; sourceTree = "<group>"; };
		ADEB7E4B21475A0E0060CDEA /* jswrapperclass_sm.cpp */ = {isa = PBXFileReference; fileEncoding = 4; lastKnownFileType = sourcecode.cpp.cpp; path = jswrapperclass_sm.cpp; sourceTree = "<group>"; };
		ADEB7E4C21475A0E0060CDEA /* jswrapperobject_sm.hpp */ = {isa = PBXFileReference; fileEncoding = 4; lastKnownFileType = sourcecode.cpp.h; path = jswrapperobject_sm.hpp; sourceTree = "<group>"; };
		ADEB7E4D21475A0E0060CDEA /* jswrapper_sm.hpp */ = {isa = PBXFileReference; fileEncoding = 4; lastKnownFileType = sourcecode.cpp.h; path = jswrapper_sm.hpp; sourceTree = "<group>"; };
		ADEB7E4E21475A0E0060CDEA /* jswrapper.hpp */ = {isa = PBXFileReference; fileEncoding = 4; lastKnownFileType = sourcecode.cpp.h; path = jswrapper.hpp; sourceTree = "<group>"; };
		ADEB7E4F21475A0E0060CDEA /* jswrapperclass_sm.hpp */ = {isa = PBXFileReference; fileEncoding = 4; lastKnownFileType = sourcecode.cpp.h; path = jswrapperclass_sm.hpp; sourceTree = "<group>"; };
		ADEB7E5021475A0E0060CDEA /* jswrapperdata.cpp */ = {isa = PBXFileReference; fileEncoding = 4; lastKnownFileType = sourcecode.cpp.cpp; path = jswrapperdata.cpp; sourceTree = "<group>"; };
		ADEB7E5121475A0F0060CDEA /* jswrapper_sm.cpp */ = {isa = PBXFileReference; fileEncoding = 4; lastKnownFileType = sourcecode.cpp.cpp; path = jswrapper_sm.cpp; sourceTree = "<group>"; };
		ADEB7E5221475A0F0060CDEA /* jswrapperdata.hpp */ = {isa = PBXFileReference; fileEncoding = 4; lastKnownFileType = sourcecode.cpp.h; path = jswrapperdata.hpp; sourceTree = "<group>"; };
		ADEB7E5721476C960060CDEA /* libjs_static.a */ = {isa = PBXFileReference; lastKnownFileType = archive.ar; name = libjs_static.a; path = "../../../Downloads/Spidermonkey-22-arm64/js/src/build-ios/libjs_static.a"; sourceTree = "<group>"; };
		FDE319EF1C7BDD7100E93985 /* LearnOCandCandC++.app */ = {isa = PBXFileReference; explicitFileType = wrapper.application; includeInIndex = 0; path = "LearnOCandCandC++.app"; sourceTree = BUILT_PRODUCTS_DIR; };
		FDE319F31C7BDD7100E93985 /* main.m */ = {isa = PBXFileReference; lastKnownFileType = sourcecode.c.objc; path = main.m; sourceTree = "<group>"; };
		FDE319F51C7BDD7100E93985 /* AppDelegate.h */ = {isa = PBXFileReference; lastKnownFileType = sourcecode.c.h; path = AppDelegate.h; sourceTree = "<group>"; };
		FDE319F61C7BDD7100E93985 /* AppDelegate.m */ = {isa = PBXFileReference; lastKnownFileType = sourcecode.c.objc; path = AppDelegate.m; sourceTree = "<group>"; };
		FDE319F81C7BDD7100E93985 /* ViewController.h */ = {isa = PBXFileReference; lastKnownFileType = sourcecode.c.h; path = ViewController.h; sourceTree = "<group>"; };
		FDE319F91C7BDD7100E93985 /* ViewController.mm */ = {isa = PBXFileReference; lastKnownFileType = sourcecode.cpp.objcpp; path = ViewController.mm; sourceTree = "<group>"; };
		FDE319FC1C7BDD7100E93985 /* Base */ = {isa = PBXFileReference; lastKnownFileType = file.storyboard; name = Base; path = Base.lproj/Main.storyboard; sourceTree = "<group>"; };
		FDE319FE1C7BDD7100E93985 /* Assets.xcassets */ = {isa = PBXFileReference; lastKnownFileType = folder.assetcatalog; path = Assets.xcassets; sourceTree = "<group>"; };
		FDE31A011C7BDD7100E93985 /* Base */ = {isa = PBXFileReference; lastKnownFileType = file.storyboard; name = Base; path = Base.lproj/LaunchScreen.storyboard; sourceTree = "<group>"; };
		FDE31A031C7BDD7100E93985 /* Info.plist */ = {isa = PBXFileReference; lastKnownFileType = text.plist.xml; path = Info.plist; sourceTree = "<group>"; };
		FDE31A081C7BDD7100E93985 /* LearnOCandCandC++Tests.xctest */ = {isa = PBXFileReference; explicitFileType = wrapper.cfbundle; includeInIndex = 0; path = "LearnOCandCandC++Tests.xctest"; sourceTree = BUILT_PRODUCTS_DIR; };
		FDE31A0C1C7BDD7100E93985 /* LearnOCandCandC__Tests.m */ = {isa = PBXFileReference; lastKnownFileType = sourcecode.c.objc; path = LearnOCandCandC__Tests.m; sourceTree = "<group>"; };
		FDE31A0E1C7BDD7100E93985 /* Info.plist */ = {isa = PBXFileReference; lastKnownFileType = text.plist.xml; path = Info.plist; sourceTree = "<group>"; };
		FDE31A171C7BDD8A00E93985 /* LearnC.c */ = {isa = PBXFileReference; fileEncoding = 4; lastKnownFileType = sourcecode.c.c; path = LearnC.c; sourceTree = "<group>"; };
		FDE31A181C7BDD8A00E93985 /* LearnC.h */ = {isa = PBXFileReference; fileEncoding = 4; lastKnownFileType = sourcecode.c.h; path = LearnC.h; sourceTree = "<group>"; };
		FDE31A1A1C7BDE8C00E93985 /* LearnC++.cpp */ = {isa = PBXFileReference; fileEncoding = 4; lastKnownFileType = sourcecode.cpp.cpp; path = "LearnC++.cpp"; sourceTree = "<group>"; };
		FDE31A1B1C7BDE8C00E93985 /* LearnC++.hpp */ = {isa = PBXFileReference; fileEncoding = 4; lastKnownFileType = sourcecode.cpp.h; path = "LearnC++.hpp"; sourceTree = "<group>"; };
		FDE31A201C7BFA7700E93985 /* LearnOCinCPP.h */ = {isa = PBXFileReference; fileEncoding = 4; lastKnownFileType = sourcecode.c.h; path = LearnOCinCPP.h; sourceTree = "<group>"; };
		FDE31A211C7BFA7700E93985 /* LearnOCinCPP.mm */ = {isa = PBXFileReference; fileEncoding = 4; lastKnownFileType = sourcecode.cpp.objcpp; path = LearnOCinCPP.mm; sourceTree = "<group>"; };
/* End PBXFileReference section */

/* Begin PBXFrameworksBuildPhase section */
		FDE319EC1C7BDD7100E93985 /* Frameworks */ = {
			isa = PBXFrameworksBuildPhase;
			buildActionMask = 2147483647;
			files = (
				ADEB7E5821476C960060CDEA /* libjs_static.a in Frameworks */,
				11C4AED52145768D000D1866 /* UIKit.framework in Frameworks */,
				11C4AED2214572F0000D1866 /* libz.1.dylib in Frameworks */,
			);
			runOnlyForDeploymentPostprocessing = 0;
		};
		FDE31A051C7BDD7100E93985 /* Frameworks */ = {
			isa = PBXFrameworksBuildPhase;
			buildActionMask = 2147483647;
			files = (
			);
			runOnlyForDeploymentPostprocessing = 0;
		};
/* End PBXFrameworksBuildPhase section */

/* Begin PBXGroup section */
		11C4AE3D2145728D000D1866 /* spidermonkey */ = {
			isa = PBXGroup;
			children = (
				ADEB7DC92146161F0060CDEA /* include */,
				11C4AEBE2145728E000D1866 /* lib */,
			);
			path = spidermonkey;
			sourceTree = "<group>";
		};
		11C4AEBE2145728E000D1866 /* lib */ = {
			isa = PBXGroup;
			children = (
				11C4AEBF2145728E000D1866 /* libjs_static.a */,
				11C4AEC02145728E000D1866 /* libjs_static2.a */,
				11C4AEC12145728E000D1866 /* libjs_static1.a */,
			);
			path = lib;
			sourceTree = "<group>";
		};
		11C4AED0214572EF000D1866 /* Frameworks */ = {
			isa = PBXGroup;
			children = (
				ADEB7E5721476C960060CDEA /* libjs_static.a */,
				ADEB7E472146997E0060CDEA /* libjs_static.arm64.a */,
				11C4AED42145768C000D1866 /* UIKit.framework */,
				11C4AED1214572F0000D1866 /* libz.1.dylib */,
			);
			name = Frameworks;
			sourceTree = "<group>";
		};
		ADEB7DC92146161F0060CDEA /* include */ = {
			isa = PBXGroup;
			children = (
				ADEB7DCA2146161F0060CDEA /* jsprf.h */,
				ADEB7DCB2146161F0060CDEA /* mozilla */,
				ADEB7E0B214616200060CDEA /* jswrapper.h */,
				ADEB7E0C214616200060CDEA /* jsclist.h */,
				ADEB7E0D214616200060CDEA /* jsversion.h */,
				ADEB7E0E214616200060CDEA /* js.msg */,
				ADEB7E0F214616200060CDEA /* jsapi.h */,
				ADEB7E10214616200060CDEA /* jstypes.h */,
				ADEB7E11214616200060CDEA /* js */,
				ADEB7E30214616200060CDEA /* jscpucfg.h */,
				ADEB7E31214616200060CDEA /* jspubtd.h */,
				ADEB7E32214616200060CDEA /* jsproxy.h */,
				ADEB7E33214616200060CDEA /* jsbytecode.h */,
				ADEB7E34214616200060CDEA /* jsfriendapi.h */,
				ADEB7E35214616200060CDEA /* js-config.h */,
				ADEB7E36214616200060CDEA /* jsalloc.h */,
				ADEB7E37214616200060CDEA /* jsprototypes.h */,
				ADEB7E38214616200060CDEA /* jsperf.h */,
			);
			path = include;
			sourceTree = "<group>";
		};
		ADEB7DCB2146161F0060CDEA /* mozilla */ = {
			isa = PBXGroup;
			children = (
				ADEB7DCC214616200060CDEA /* Poison.h */,
				ADEB7DCD214616200060CDEA /* Maybe.h */,
				ADEB7DCE214616200060CDEA /* BinarySearch.h */,
				ADEB7DCF214616200060CDEA /* Casting.h */,
				ADEB7DD0214616200060CDEA /* Range.h */,
				ADEB7DD1214616200060CDEA /* Char16.h */,
				ADEB7DD2214616200060CDEA /* UniquePtr.h */,
				ADEB7DD3214616200060CDEA /* Compiler.h */,
				ADEB7DD4214616200060CDEA /* MemoryChecking.h */,
				ADEB7DD5214616200060CDEA /* ToString.h */,
				ADEB7DD6214616200060CDEA /* Assertions.h */,
				ADEB7DD7214616200060CDEA /* FloatingPoint.h */,
				ADEB7DD8214616200060CDEA /* TypeTraits.h */,
				ADEB7DD9214616200060CDEA /* AllocPolicy.h */,
				ADEB7DDA214616200060CDEA /* Alignment.h */,
				ADEB7DDB214616200060CDEA /* Types.h */,
				ADEB7DDC214616200060CDEA /* MaybeOneOf.h */,
				ADEB7DDD214616200060CDEA /* TypedEnum.h */,
				ADEB7DDE214616200060CDEA /* Endian.h */,
				ADEB7DDF214616200060CDEA /* ThreadLocal.h */,
				ADEB7DE0214616200060CDEA /* TemplateLib.h */,
				ADEB7DE1214616200060CDEA /* MSIntTypes.h */,
				ADEB7DE2214616200060CDEA /* HashFunctions.h */,
				ADEB7DE3214616200060CDEA /* Scoped.h */,
				ADEB7DE4214616200060CDEA /* TaggedAnonymousMemory.h */,
				ADEB7DE5214616200060CDEA /* DebugOnly.h */,
				ADEB7DE6214616200060CDEA /* EnumSet.h */,
				ADEB7DE7214616200060CDEA /* ArrayUtils.h */,
				ADEB7DE8214616200060CDEA /* IntegerTypeTraits.h */,
				ADEB7DE9214616200060CDEA /* LinkedList.h */,
				ADEB7DEA214616200060CDEA /* Attributes.h */,
				ADEB7DEB214616200060CDEA /* Decimal.h */,
				ADEB7DEC214616200060CDEA /* MacroArgs.h */,
				ADEB7DED214616200060CDEA /* Compression.h */,
				ADEB7DEE214616200060CDEA /* IntegerPrintfMacros.h */,
				ADEB7DEF214616200060CDEA /* RollingMean.h */,
				ADEB7DF0214616200060CDEA /* PodOperations.h */,
				ADEB7DF1214616200060CDEA /* EnumeratedArray.h */,
				ADEB7DF2214616200060CDEA /* Constants.h */,
				ADEB7DF3214616200060CDEA /* NullPtr.h */,
				ADEB7DF4214616200060CDEA /* SplayTree.h */,
				ADEB7DF5214616200060CDEA /* CheckedInt.h */,
				ADEB7DF6214616200060CDEA /* NumericLimits.h */,
				ADEB7DF7214616200060CDEA /* ReentrancyGuard.h */,
				ADEB7DF8214616200060CDEA /* RangedPtr.h */,
				ADEB7DF9214616200060CDEA /* Likely.h */,
				ADEB7DFA214616200060CDEA /* Atomics.h */,
				ADEB7DFB214616200060CDEA /* MemoryReporting.h */,
				ADEB7DFC214616200060CDEA /* Array.h */,
				ADEB7DFD214616200060CDEA /* TypedEnumBits.h */,
				ADEB7DFE214616200060CDEA /* Pair.h */,
				ADEB7DFF214616200060CDEA /* RefCountType.h */,
				ADEB7E00214616200060CDEA /* TypedEnumInternal.h */,
				ADEB7E01214616200060CDEA /* SHA1.h */,
				ADEB7E02214616200060CDEA /* RefPtr.h */,
				ADEB7E03214616200060CDEA /* BloomFilter.h */,
				ADEB7E04214616200060CDEA /* WeakPtr.h */,
				ADEB7E05214616200060CDEA /* MathAlgorithms.h */,
				ADEB7E06214616200060CDEA /* GuardObjects.h */,
				ADEB7E07214616200060CDEA /* Move.h */,
				ADEB7E08214616200060CDEA /* Vector.h */,
				ADEB7E09214616200060CDEA /* ChaosMode.h */,
				ADEB7E0A214616200060CDEA /* MacroForEach.h */,
			);
			path = mozilla;
			sourceTree = "<group>";
		};
		ADEB7E11214616200060CDEA /* js */ = {
			isa = PBXGroup;
			children = (
				ADEB7E12214616200060CDEA /* HeapAPI.h */,
				ADEB7E13214616200060CDEA /* CallArgs.h */,
				ADEB7E14214616200060CDEA /* CharacterEncoding.h */,
				ADEB7E15214616200060CDEA /* LegacyIntTypes.h */,
				ADEB7E16214616200060CDEA /* Anchor.h */,
				ADEB7E17214616200060CDEA /* GCAPI.h */,
				ADEB7E18214616200060CDEA /* DebugAPI.h */,
				ADEB7E19214616200060CDEA /* TypeDecls.h */,
				ADEB7E1A214616200060CDEA /* HashTable.h */,
				ADEB7E1B214616200060CDEA /* Principals.h */,
				ADEB7E1C214616200060CDEA /* ProfilingStack.h */,
				ADEB7E1D214616200060CDEA /* Date.h */,
				ADEB7E1E214616200060CDEA /* Id.h */,
				ADEB7E1F214616200060CDEA /* SliceBudget.h */,
				ADEB7E20214616200060CDEA /* PropertyKey.h */,
				ADEB7E21214616200060CDEA /* Value.h */,
				ADEB7E22214616200060CDEA /* RootingAPI.h */,
				ADEB7E23214616200060CDEA /* StructuredClone.h */,
				ADEB7E24214616200060CDEA /* UbiNodeTraverse.h */,
				ADEB7E25214616200060CDEA /* UbiNode.h */,
				ADEB7E26214616200060CDEA /* ProfilingFrameIterator.h */,
				ADEB7E27214616200060CDEA /* RequiredDefines.h */,
				ADEB7E28214616200060CDEA /* Class.h */,
				ADEB7E29214616200060CDEA /* MemoryMetrics.h */,
				ADEB7E2A214616200060CDEA /* Utility.h */,
				ADEB7E2B214616200060CDEA /* Vector.h */,
				ADEB7E2C214616200060CDEA /* CallNonGenericMethod.h */,
				ADEB7E2D214616200060CDEA /* OldDebugAPI.h */,
				ADEB7E2E214616200060CDEA /* TracingAPI.h */,
				ADEB7E2F214616200060CDEA /* WeakMapPtr.h */,
			);
			path = js;
			sourceTree = "<group>";
		};
		FDE319E61C7BDD7000E93985 = {
			isa = PBXGroup;
			children = (
				FDE319F11C7BDD7100E93985 /* LearnOCandCandC++ */,
				FDE31A0B1C7BDD7100E93985 /* LearnOCandCandC++Tests */,
				FDE319F01C7BDD7100E93985 /* Products */,
				11C4AED0214572EF000D1866 /* Frameworks */,
			);
			sourceTree = "<group>";
		};
		FDE319F01C7BDD7100E93985 /* Products */ = {
			isa = PBXGroup;
			children = (
				FDE319EF1C7BDD7100E93985 /* LearnOCandCandC++.app */,
				FDE31A081C7BDD7100E93985 /* LearnOCandCandC++Tests.xctest */,
			);
			name = Products;
			sourceTree = "<group>";
		};
		FDE319F11C7BDD7100E93985 /* LearnOCandCandC++ */ = {
			isa = PBXGroup;
			children = (
				FDE319F51C7BDD7100E93985 /* AppDelegate.h */,
				FDE319F61C7BDD7100E93985 /* AppDelegate.m */,
				FDE319F81C7BDD7100E93985 /* ViewController.h */,
				ADEB7E5121475A0F0060CDEA /* jswrapper_sm.cpp */,
				ADEB7E4D21475A0E0060CDEA /* jswrapper_sm.hpp */,
				ADEB7E4E21475A0E0060CDEA /* jswrapper.hpp */,
				ADEB7E4B21475A0E0060CDEA /* jswrapperclass_sm.cpp */,
				ADEB7E4F21475A0E0060CDEA /* jswrapperclass_sm.hpp */,
				ADEB7E5021475A0E0060CDEA /* jswrapperdata.cpp */,
				ADEB7E5221475A0F0060CDEA /* jswrapperdata.hpp */,
				ADEB7E4A21475A0E0060CDEA /* jswrapperobject_sm.cpp */,
				ADEB7E4C21475A0E0060CDEA /* jswrapperobject_sm.hpp */,
				FDE319F91C7BDD7100E93985 /* ViewController.mm */,
				FDE31A201C7BFA7700E93985 /* LearnOCinCPP.h */,
				FDE31A211C7BFA7700E93985 /* LearnOCinCPP.mm */,
				FDE31A171C7BDD8A00E93985 /* LearnC.c */,
				FDE31A181C7BDD8A00E93985 /* LearnC.h */,
				11C4AE3D2145728D000D1866 /* spidermonkey */,
				FDE31A1A1C7BDE8C00E93985 /* LearnC++.cpp */,
				FDE31A1B1C7BDE8C00E93985 /* LearnC++.hpp */,
				FDE319FB1C7BDD7100E93985 /* Main.storyboard */,
				FDE319FE1C7BDD7100E93985 /* Assets.xcassets */,
				FDE31A001C7BDD7100E93985 /* LaunchScreen.storyboard */,
				FDE31A031C7BDD7100E93985 /* Info.plist */,
				FDE319F21C7BDD7100E93985 /* Supporting Files */,
			);
			path = "LearnOCandCandC++";
			sourceTree = "<group>";
		};
		FDE319F21C7BDD7100E93985 /* Supporting Files */ = {
			isa = PBXGroup;
			children = (
				FDE319F31C7BDD7100E93985 /* main.m */,
			);
			name = "Supporting Files";
			sourceTree = "<group>";
		};
		FDE31A0B1C7BDD7100E93985 /* LearnOCandCandC++Tests */ = {
			isa = PBXGroup;
			children = (
				FDE31A0C1C7BDD7100E93985 /* LearnOCandCandC__Tests.m */,
				FDE31A0E1C7BDD7100E93985 /* Info.plist */,
			);
			path = "LearnOCandCandC++Tests";
			sourceTree = "<group>";
		};
/* End PBXGroup section */

/* Begin PBXNativeTarget section */
		FDE319EE1C7BDD7100E93985 /* LearnOCandCandC++ */ = {
			isa = PBXNativeTarget;
			buildConfigurationList = FDE31A111C7BDD7100E93985 /* Build configuration list for PBXNativeTarget "LearnOCandCandC++" */;
			buildPhases = (
				FDE319EB1C7BDD7100E93985 /* Sources */,
				FDE319EC1C7BDD7100E93985 /* Frameworks */,
				FDE319ED1C7BDD7100E93985 /* Resources */,
			);
			buildRules = (
			);
			dependencies = (
			);
			name = "LearnOCandCandC++";
			productName = "LearnOCandCandC++";
			productReference = FDE319EF1C7BDD7100E93985 /* LearnOCandCandC++.app */;
			productType = "com.apple.product-type.application";
		};
		FDE31A071C7BDD7100E93985 /* LearnOCandCandC++Tests */ = {
			isa = PBXNativeTarget;
			buildConfigurationList = FDE31A141C7BDD7100E93985 /* Build configuration list for PBXNativeTarget "LearnOCandCandC++Tests" */;
			buildPhases = (
				FDE31A041C7BDD7100E93985 /* Sources */,
				FDE31A051C7BDD7100E93985 /* Frameworks */,
				FDE31A061C7BDD7100E93985 /* Resources */,
			);
			buildRules = (
			);
			dependencies = (
				FDE31A0A1C7BDD7100E93985 /* PBXTargetDependency */,
			);
			name = "LearnOCandCandC++Tests";
			productName = "LearnOCandCandC++Tests";
			productReference = FDE31A081C7BDD7100E93985 /* LearnOCandCandC++Tests.xctest */;
			productType = "com.apple.product-type.bundle.unit-test";
		};
/* End PBXNativeTarget section */

/* Begin PBXProject section */
		FDE319E71C7BDD7000E93985 /* Project object */ = {
			isa = PBXProject;
			attributes = {
				LastUpgradeCheck = 0710;
				ORGANIZATIONNAME = dangxiaobin;
				TargetAttributes = {
					FDE319EE1C7BDD7100E93985 = {
						CreatedOnToolsVersion = 7.1.1;
						DevelopmentTeam = WA6KPM6NXZ;
					};
					FDE31A071C7BDD7100E93985 = {
						CreatedOnToolsVersion = 7.1.1;
						TestTargetID = FDE319EE1C7BDD7100E93985;
					};
				};
			};
			buildConfigurationList = FDE319EA1C7BDD7000E93985 /* Build configuration list for PBXProject "LearnOCandCandC++" */;
			compatibilityVersion = "Xcode 3.2";
			developmentRegion = English;
			hasScannedForEncodings = 0;
			knownRegions = (
				en,
				Base,
			);
			mainGroup = FDE319E61C7BDD7000E93985;
			productRefGroup = FDE319F01C7BDD7100E93985 /* Products */;
			projectDirPath = "";
			projectRoot = "";
			targets = (
				FDE319EE1C7BDD7100E93985 /* LearnOCandCandC++ */,
				FDE31A071C7BDD7100E93985 /* LearnOCandCandC++Tests */,
			);
		};
/* End PBXProject section */

/* Begin PBXResourcesBuildPhase section */
		FDE319ED1C7BDD7100E93985 /* Resources */ = {
			isa = PBXResourcesBuildPhase;
			buildActionMask = 2147483647;
			files = (
				ADEB7E39214616200060CDEA /* js.msg in Resources */,
				FDE31A021C7BDD7100E93985 /* LaunchScreen.storyboard in Resources */,
				FDE319FF1C7BDD7100E93985 /* Assets.xcassets in Resources */,
				FDE319FD1C7BDD7100E93985 /* Main.storyboard in Resources */,
			);
			runOnlyForDeploymentPostprocessing = 0;
		};
		FDE31A061C7BDD7100E93985 /* Resources */ = {
			isa = PBXResourcesBuildPhase;
			buildActionMask = 2147483647;
			files = (
			);
			runOnlyForDeploymentPostprocessing = 0;
		};
/* End PBXResourcesBuildPhase section */

/* Begin PBXSourcesBuildPhase section */
		FDE319EB1C7BDD7100E93985 /* Sources */ = {
			isa = PBXSourcesBuildPhase;
			buildActionMask = 2147483647;
			files = (
				FDE319FA1C7BDD7100E93985 /* ViewController.mm in Sources */,
				ADEB7E5521475A0F0060CDEA /* jswrapperdata.cpp in Sources */,
				ADEB7E5621475A0F0060CDEA /* jswrapper_sm.cpp in Sources */,
				FDE319F71C7BDD7100E93985 /* AppDelegate.m in Sources */,
				ADEB7E5321475A0F0060CDEA /* jswrapperobject_sm.cpp in Sources */,
				ADEB7E5421475A0F0060CDEA /* jswrapperclass_sm.cpp in Sources */,
				FDE31A191C7BDD8A00E93985 /* LearnC.c in Sources */,
				FDE319F41C7BDD7100E93985 /* main.m in Sources */,
				FDE31A221C7BFA7700E93985 /* LearnOCinCPP.mm in Sources */,
				FDE31A1C1C7BDE8C00E93985 /* LearnC++.cpp in Sources */,
			);
			runOnlyForDeploymentPostprocessing = 0;
		};
		FDE31A041C7BDD7100E93985 /* Sources */ = {
			isa = PBXSourcesBuildPhase;
			buildActionMask = 2147483647;
			files = (
				FDE31A0D1C7BDD7100E93985 /* LearnOCandCandC__Tests.m in Sources */,
			);
			runOnlyForDeploymentPostprocessing = 0;
		};
/* End PBXSourcesBuildPhase section */

/* Begin PBXTargetDependency section */
		FDE31A0A1C7BDD7100E93985 /* PBXTargetDependency */ = {
			isa = PBXTargetDependency;
			target = FDE319EE1C7BDD7100E93985 /* LearnOCandCandC++ */;
			targetProxy = FDE31A091C7BDD7100E93985 /* PBXContainerItemProxy */;
		};
/* End PBXTargetDependency section */

/* Begin PBXVariantGroup section */
		FDE319FB1C7BDD7100E93985 /* Main.storyboard */ = {
			isa = PBXVariantGroup;
			children = (
				FDE319FC1C7BDD7100E93985 /* Base */,
			);
			name = Main.storyboard;
			sourceTree = "<group>";
		};
		FDE31A001C7BDD7100E93985 /* LaunchScreen.storyboard */ = {
			isa = PBXVariantGroup;
			children = (
				FDE31A011C7BDD7100E93985 /* Base */,
			);
			name = LaunchScreen.storyboard;
			sourceTree = "<group>";
		};
/* End PBXVariantGroup section */

/* Begin XCBuildConfiguration section */
		FDE31A0F1C7BDD7100E93985 /* Debug */ = {
			isa = XCBuildConfiguration;
			buildSettings = {
				ALWAYS_SEARCH_USER_PATHS = NO;
				CLANG_CXX_LANGUAGE_STANDARD = "gnu++0x";
				CLANG_CXX_LIBRARY = "libc++";
				CLANG_ENABLE_MODULES = YES;
				CLANG_ENABLE_OBJC_ARC = YES;
				CLANG_WARN_BOOL_CONVERSION = YES;
				CLANG_WARN_CONSTANT_CONVERSION = YES;
				CLANG_WARN_DIRECT_OBJC_ISA_USAGE = YES_ERROR;
				CLANG_WARN_EMPTY_BODY = YES;
				CLANG_WARN_ENUM_CONVERSION = YES;
				CLANG_WARN_INT_CONVERSION = YES;
				CLANG_WARN_OBJC_ROOT_CLASS = YES_ERROR;
				CLANG_WARN_UNREACHABLE_CODE = YES;
				CLANG_WARN__DUPLICATE_METHOD_MATCH = YES;
				"CODE_SIGN_IDENTITY[sdk=iphoneos*]" = "iPhone Developer";
				COPY_PHASE_STRIP = NO;
				DEBUG_INFORMATION_FORMAT = dwarf;
				ENABLE_STRICT_OBJC_MSGSEND = YES;
				ENABLE_TESTABILITY = YES;
				GCC_C_LANGUAGE_STANDARD = gnu99;
				GCC_DYNAMIC_NO_PIC = NO;
				GCC_NO_COMMON_BLOCKS = YES;
				GCC_OPTIMIZATION_LEVEL = 0;
				GCC_PREPROCESSOR_DEFINITIONS = (
					"DEBUG=1",
					"$(inherited)",
				);
				GCC_WARN_64_TO_32_BIT_CONVERSION = YES;
				GCC_WARN_ABOUT_RETURN_TYPE = YES_ERROR;
				GCC_WARN_UNDECLARED_SELECTOR = YES;
				GCC_WARN_UNINITIALIZED_AUTOS = YES_AGGRESSIVE;
				GCC_WARN_UNUSED_FUNCTION = YES;
				GCC_WARN_UNUSED_VARIABLE = YES;
				IPHONEOS_DEPLOYMENT_TARGET = 9.1;
				MTL_ENABLE_DEBUG_INFO = YES;
				ONLY_ACTIVE_ARCH = YES;
				SDKROOT = iphoneos;
			};
			name = Debug;
		};
		FDE31A101C7BDD7100E93985 /* Release */ = {
			isa = XCBuildConfiguration;
			buildSettings = {
				ALWAYS_SEARCH_USER_PATHS = NO;
				CLANG_CXX_LANGUAGE_STANDARD = "gnu++0x";
				CLANG_CXX_LIBRARY = "libc++";
				CLANG_ENABLE_MODULES = YES;
				CLANG_ENABLE_OBJC_ARC = YES;
				CLANG_WARN_BOOL_CONVERSION = YES;
				CLANG_WARN_CONSTANT_CONVERSION = YES;
				CLANG_WARN_DIRECT_OBJC_ISA_USAGE = YES_ERROR;
				CLANG_WARN_EMPTY_BODY = YES;
				CLANG_WARN_ENUM_CONVERSION = YES;
				CLANG_WARN_INT_CONVERSION = YES;
				CLANG_WARN_OBJC_ROOT_CLASS = YES_ERROR;
				CLANG_WARN_UNREACHABLE_CODE = YES;
				CLANG_WARN__DUPLICATE_METHOD_MATCH = YES;
				"CODE_SIGN_IDENTITY[sdk=iphoneos*]" = "iPhone Developer";
				COPY_PHASE_STRIP = NO;
				DEBUG_INFORMATION_FORMAT = "dwarf-with-dsym";
				ENABLE_NS_ASSERTIONS = NO;
				ENABLE_STRICT_OBJC_MSGSEND = YES;
				GCC_C_LANGUAGE_STANDARD = gnu99;
				GCC_NO_COMMON_BLOCKS = YES;
				GCC_WARN_64_TO_32_BIT_CONVERSION = YES;
				GCC_WARN_ABOUT_RETURN_TYPE = YES_ERROR;
				GCC_WARN_UNDECLARED_SELECTOR = YES;
				GCC_WARN_UNINITIALIZED_AUTOS = YES_AGGRESSIVE;
				GCC_WARN_UNUSED_FUNCTION = YES;
				GCC_WARN_UNUSED_VARIABLE = YES;
				IPHONEOS_DEPLOYMENT_TARGET = 9.1;
				MTL_ENABLE_DEBUG_INFO = NO;
				SDKROOT = iphoneos;
				VALIDATE_PRODUCT = YES;
			};
			name = Release;
		};
		FDE31A121C7BDD7100E93985 /* Debug */ = {
			isa = XCBuildConfiguration;
			buildSettings = {
				ARCHS = "$(ARCHS_STANDARD)";
				ASSETCATALOG_COMPILER_APPICON_NAME = AppIcon;
				DEVELOPMENT_TEAM = WA6KPM6NXZ;
				ENABLE_BITCODE = NO;
				HEADER_SEARCH_PATHS = "\"$(SRCROOT)/LearnOCandCandC++/spidermonkey/include/\"";
				INFOPLIST_FILE = "LearnOCandCandC++/Info.plist";
				LD_GENERATE_MAP_FILE = YES;
				LD_RUNPATH_SEARCH_PATHS = "$(inherited) @executable_path/Frameworks";
				LIBRARY_SEARCH_PATHS = (
					"$(inherited)",
					"$(PROJECT_DIR)/LearnOCandCandC++/spidermonkey/lib",
				);
				ONLY_ACTIVE_ARCH = YES;
				OTHER_LDFLAGS = "-ObjC";
				PRODUCT_BUNDLE_IDENTIFIER = "loying.lin.LearnOCandCandC--233";
				PRODUCT_NAME = "$(TARGET_NAME)";
				VALID_ARCHS = arm64;
			};
			name = Debug;
		};
		FDE31A131C7BDD7100E93985 /* Release */ = {
			isa = XCBuildConfiguration;
			buildSettings = {
				ARCHS = "$(ARCHS_STANDARD)";
				ASSETCATALOG_COMPILER_APPICON_NAME = AppIcon;
				DEVELOPMENT_TEAM = WA6KPM6NXZ;
				ENABLE_BITCODE = NO;
				HEADER_SEARCH_PATHS = "\"$(SRCROOT)/LearnOCandCandC++/spidermonkey/include/\"";
				INFOPLIST_FILE = "LearnOCandCandC++/Info.plist";
				LD_GENERATE_MAP_FILE = YES;
				LD_MAP_FILE_PATH = "$(SRCROOT)/$(PRODUCT_NAME)-LinkMap-$(CURRENT_VARIANT)-$(CURRENT_ARCH).txt";
				LD_RUNPATH_SEARCH_PATHS = "$(inherited) @executable_path/Frameworks";
				LIBRARY_SEARCH_PATHS = (
					"$(inherited)",
					"$(PROJECT_DIR)/LearnOCandCandC++/spidermonkey/lib",
				);
				ONLY_ACTIVE_ARCH = YES;
				OTHER_LDFLAGS = "-ObjC";
				PRODUCT_BUNDLE_IDENTIFIER = "loying.lin.LearnOCandCandC--233";
				PRODUCT_NAME = "$(TARGET_NAME)";
				VALID_ARCHS = arm64;
			};
			name = Release;
		};
		FDE31A151C7BDD7100E93985 /* Debug */ = {
			isa = XCBuildConfiguration;
			buildSettings = {
				BUNDLE_LOADER = "$(TEST_HOST)";
				INFOPLIST_FILE = "LearnOCandCandC++Tests/Info.plist";
				LD_RUNPATH_SEARCH_PATHS = "$(inherited) @executable_path/Frameworks @loader_path/Frameworks";
				PRODUCT_BUNDLE_IDENTIFIER = "loying.lin.LearnOCandCandC--Tests";
				PRODUCT_NAME = "$(TARGET_NAME)";
				TEST_HOST = "$(BUILT_PRODUCTS_DIR)/LearnOCandCandC++.app/LearnOCandCandC++";
			};
			name = Debug;
		};
		FDE31A161C7BDD7100E93985 /* Release */ = {
			isa = XCBuildConfiguration;
			buildSettings = {
				BUNDLE_LOADER = "$(TEST_HOST)";
				INFOPLIST_FILE = "LearnOCandCandC++Tests/Info.plist";
				LD_RUNPATH_SEARCH_PATHS = "$(inherited) @executable_path/Frameworks @loader_path/Frameworks";
				PRODUCT_BUNDLE_IDENTIFIER = "loying.lin.LearnOCandCandC--Tests";
				PRODUCT_NAME = "$(TARGET_NAME)";
				TEST_HOST = "$(BUILT_PRODUCTS_DIR)/LearnOCandCandC++.app/LearnOCandCandC++";
			};
			name = Release;
		};
/* End XCBuildConfiguration section */

/* Begin XCConfigurationList section */
		FDE319EA1C7BDD7000E93985 /* Build configuration list for PBXProject "LearnOCandCandC++" */ = {
			isa = XCConfigurationList;
			buildConfigurations = (
				FDE31A0F1C7BDD7100E93985 /* Debug */,
				FDE31A101C7BDD7100E93985 /* Release */,
			);
			defaultConfigurationIsVisible = 0;
			defaultConfigurationName = Release;
		};
		FDE31A111C7BDD7100E93985 /* Build configuration list for PBXNativeTarget "LearnOCandCandC++" */ = {
			isa = XCConfigurationList;
			buildConfigurations = (
				FDE31A121C7BDD7100E93985 /* Debug */,
				FDE31A131C7BDD7100E93985 /* Release */,
			);
			defaultConfigurationIsVisible = 0;
			defaultConfigurationName = Release;
		};
		FDE31A141C7BDD7100E93985 /* Build configuration list for PBXNativeTarget "LearnOCandCandC++Tests" */ = {
			isa = XCConfigurationList;
			buildConfigurations = (
				FDE31A151C7BDD7100E93985 /* Debug */,
				FDE31A161C7BDD7100E93985 /* Release */,
			);
			defaultConfigurationIsVisible = 0;
			defaultConfigurationName = Release;
		};
/* End XCConfigurationList section */
	};
	rootObject = FDE319E71C7BDD7000E93985 /* Project object */;
}
